
Microsoft Visual Studio Solution File, Format Version 12.00
# Visual Studio Version 17
VisualStudioVersion = 17.8.34316.72
MinimumVisualStudioVersion = 10.0.40219.1
Project("{9A19103F-16F7-4668-BE54-9A1E7A4F7556}") = "Super Seller", "WebApplication1\Super Seller.csproj", "{51736A6D-A285-41ED-A7B0-D9EFD2EC92EB}"
EndProject
Global
	GlobalSection(SolutionConfigurationPlatforms) = preSolution
		Debug|Any CPU = Debug|Any CPU
		Release|Any CPU = Release|Any CPU
	EndGlobalSection
	GlobalSection(ProjectConfigurationPlatforms) = postSolution
		{51736A6D-A285-41ED-A7B0-D9EFD2EC92EB}.Debug|Any CPU.ActiveCfg = Debug|Any CPU
		{51736A6D-A285-41ED-A7B0-D9EFD2EC92EB}.Debug|Any CPU.Build.0 = Debug|Any CPU
		{51736A6D-A285-41ED-A7B0-D9EFD2EC92EB}.Release|Any CPU.ActiveCfg = Release|Any CPU
		{51736A6D-A285-41ED-A7B0-D9EFD2EC92EB}.Release|Any CPU.Build.0 = Release|Any CPU
	EndGlobalSection
	GlobalSection(SolutionProperties) = preSolution
		HideSolutionNode = FALSE
	EndGlobalSection
	GlobalSection(ExtensibilityGlobals) = postSolution
		SolutionGuid = {CE5BDA10-7414-4E8F-8FC5-A53D9B33145E}
	EndGlobalSection
EndGlobal
